
Microsoft Visual Studio Solution File, Format Version 12.00
# Visual Studio Version 17
VisualStudioVersion = 17.14.36811.4 d17.14
MinimumVisualStudioVersion = 10.0.40219.1
Project("{FAE04EC0-301F-11D3-BF4B-00C04F79EFBC}") = "Database", "Database\Database.csproj", "{8F7D0AD9-B935-4473-B739-9FCD7AC64D63}"
EndProject
Global
	GlobalSection(SolutionConfigurationPlatforms) = preSolution
		Debug|Any CPU = Debug|Any CPU
		Release|Any CPU = Release|Any CPU
	EndGlobalSection
	GlobalSection(ProjectConfigurationPlatforms) = postSolution
		{8F7D0AD9-B935-4473-B739-9FCD7AC64D63}.Debug|Any CPU.ActiveCfg = Debug|Any CPU
		{8F7D0AD9-B935-4473-B739-9FCD7AC64D63}.Debug|Any CPU.Build.0 = Debug|Any CPU
		{8F7D0AD9-B935-4473-B739-9FCD7AC64D63}.Release|Any CPU.ActiveCfg = Release|Any CPU
		{8F7D0AD9-B935-4473-B739-9FCD7AC64D63}.Release|Any CPU.Build.0 = Release|Any CPU
	EndGlobalSection
	GlobalSection(SolutionProperties) = preSolution
		HideSolutionNode = FALSE
	EndGlobalSection
	GlobalSection(ExtensibilityGlobals) = postSolution
		SolutionGuid = {75C99931-41F4-4140-BE0B-6F9E78819F03}
	EndGlobalSection
EndGlobal
