
Microsoft Visual Studio Solution File, Format Version 12.00
# Visual Studio Version 17
VisualStudioVersion = 17.14.36811.4 d17.14
MinimumVisualStudioVersion = 10.0.40219.1
Project("{FAE04EC0-301F-11D3-BF4B-00C04F79EFBC}") = "ElectricityPrj", "ElectricityPrj\ElectricityPrj.csproj", "{B865B365-FE1B-47BB-96A3-5AF9EA5B9E3A}"
EndProject
Global
	GlobalSection(SolutionConfigurationPlatforms) = preSolution
		Debug|Any CPU = Debug|Any CPU
		Release|Any CPU = Release|Any CPU
	EndGlobalSection
	GlobalSection(ProjectConfigurationPlatforms) = postSolution
		{B865B365-FE1B-47BB-96A3-5AF9EA5B9E3A}.Debug|Any CPU.ActiveCfg = Debug|Any CPU
		{B865B365-FE1B-47BB-96A3-5AF9EA5B9E3A}.Debug|Any CPU.Build.0 = Debug|Any CPU
		{B865B365-FE1B-47BB-96A3-5AF9EA5B9E3A}.Release|Any CPU.ActiveCfg = Release|Any CPU
		{B865B365-FE1B-47BB-96A3-5AF9EA5B9E3A}.Release|Any CPU.Build.0 = Release|Any CPU
	EndGlobalSection
	GlobalSection(SolutionProperties) = preSolution
		HideSolutionNode = FALSE
	EndGlobalSection
	GlobalSection(ExtensibilityGlobals) = postSolution
		SolutionGuid = {1D55C443-A643-4355-B444-56DF47D68CB2}
	EndGlobalSection
EndGlobal
