
Microsoft Visual Studio Solution File, Format Version 12.00
# Visual Studio Version 17
VisualStudioVersion = 17.14.36811.4 d17.14
MinimumVisualStudioVersion = 10.0.40219.1
Project("{FAE04EC0-301F-11D3-BF4B-00C04F79EFBC}") = "WebService_prj1", "WebService_prj1\WebService_prj1.csproj", "{24C55991-D1FA-4047-9EC4-BCB373096389}"
EndProject
Project("{FAE04EC0-301F-11D3-BF4B-00C04F79EFBC}") = "WebService_client", "WebService_client\WebService_client.csproj", "{13D8D03A-46B7-46F7-B01A-C2B3902C1F99}"
	ProjectSection(ProjectDependencies) = postProject
		{24C55991-D1FA-4047-9EC4-BCB373096389} = {24C55991-D1FA-4047-9EC4-BCB373096389}
	EndProjectSection
EndProject
Global
	GlobalSection(SolutionConfigurationPlatforms) = preSolution
		Debug|Any CPU = Debug|Any CPU
		Release|Any CPU = Release|Any CPU
	EndGlobalSection
	GlobalSection(ProjectConfigurationPlatforms) = postSolution
		{24C55991-D1FA-4047-9EC4-BCB373096389}.Debug|Any CPU.ActiveCfg = Debug|Any CPU
		{24C55991-D1FA-4047-9EC4-BCB373096389}.Debug|Any CPU.Build.0 = Debug|Any CPU
		{24C55991-D1FA-4047-9EC4-BCB373096389}.Release|Any CPU.ActiveCfg = Release|Any CPU
		{24C55991-D1FA-4047-9EC4-BCB373096389}.Release|Any CPU.Build.0 = Release|Any CPU
		{13D8D03A-46B7-46F7-B01A-C2B3902C1F99}.Debug|Any CPU.ActiveCfg = Debug|Any CPU
		{13D8D03A-46B7-46F7-B01A-C2B3902C1F99}.Debug|Any CPU.Build.0 = Debug|Any CPU
		{13D8D03A-46B7-46F7-B01A-C2B3902C1F99}.Release|Any CPU.ActiveCfg = Release|Any CPU
		{13D8D03A-46B7-46F7-B01A-C2B3902C1F99}.Release|Any CPU.Build.0 = Release|Any CPU
	EndGlobalSection
	GlobalSection(SolutionProperties) = preSolution
		HideSolutionNode = FALSE
	EndGlobalSection
	GlobalSection(ExtensibilityGlobals) = postSolution
		SolutionGuid = {0C53AC32-6FE4-46F2-B402-85B52545EF7E}
	EndGlobalSection
EndGlobal
