
Microsoft Visual Studio Solution File, Format Version 12.00
# Visual Studio Version 17
VisualStudioVersion = 17.14.36811.4 d17.14
MinimumVisualStudioVersion = 10.0.40219.1
Project("{FAE04EC0-301F-11D3-BF4B-00C04F79EFBC}") = "Security_defaultprj", "Security_defaultprj\Security_defaultprj.csproj", "{B5253035-F7F9-4ACB-92C2-98750464898C}"
EndProject
Global
	GlobalSection(SolutionConfigurationPlatforms) = preSolution
		Debug|Any CPU = Debug|Any CPU
		Release|Any CPU = Release|Any CPU
	EndGlobalSection
	GlobalSection(ProjectConfigurationPlatforms) = postSolution
		{B5253035-F7F9-4ACB-92C2-98750464898C}.Debug|Any CPU.ActiveCfg = Debug|Any CPU
		{B5253035-F7F9-4ACB-92C2-98750464898C}.Debug|Any CPU.Build.0 = Debug|Any CPU
		{B5253035-F7F9-4ACB-92C2-98750464898C}.Release|Any CPU.ActiveCfg = Release|Any CPU
		{B5253035-F7F9-4ACB-92C2-98750464898C}.Release|Any CPU.Build.0 = Release|Any CPU
	EndGlobalSection
	GlobalSection(SolutionProperties) = preSolution
		HideSolutionNode = FALSE
	EndGlobalSection
	GlobalSection(ExtensibilityGlobals) = postSolution
		SolutionGuid = {8E81A094-D1B5-41F6-80D7-45BF6F0B036B}
	EndGlobalSection
EndGlobal
